
Microsoft Visual Studio Solution File, Format Version 12.00
# Visual Studio Version 16
VisualStudioVersion = 16.0.31624.102
MinimumVisualStudioVersion = 10.0.40219.1
Project("{8BC9CEB8-8B4A-11D0-8D11-00A0C91BC942}") = "Event_simu1", "Event_simu1\Event_simu1.vcxproj", "{0546E4A1-AF77-4E35-978B-741477E1A1A5}"
EndProject
Global
	GlobalSection(SolutionConfigurationPlatforms) = preSolution
		Debug|x64 = Debug|x64
		Debug|x86 = Debug|x86
		Release|x64 = Release|x64
		Release|x86 = Release|x86
	EndGlobalSection
	GlobalSection(ProjectConfigurationPlatforms) = postSolution
		{0546E4A1-AF77-4E35-978B-741477E1A1A5}.Debug|x64.ActiveCfg = Debug|x64
		{0546E4A1-AF77-4E35-978B-741477E1A1A5}.Debug|x64.Build.0 = Debug|x64
		{0546E4A1-AF77-4E35-978B-741477E1A1A5}.Debug|x86.ActiveCfg = Debug|Win32
		{0546E4A1-AF77-4E35-978B-741477E1A1A5}.Debug|x86.Build.0 = Debug|Win32
		{0546E4A1-AF77-4E35-978B-741477E1A1A5}.Release|x64.ActiveCfg = Release|x64
		{0546E4A1-AF77-4E35-978B-741477E1A1A5}.Release|x64.Build.0 = Release|x64
		{0546E4A1-AF77-4E35-978B-741477E1A1A5}.Release|x86.ActiveCfg = Release|Win32
		{0546E4A1-AF77-4E35-978B-741477E1A1A5}.Release|x86.Build.0 = Release|Win32
	EndGlobalSection
	GlobalSection(SolutionProperties) = preSolution
		HideSolutionNode = FALSE
	EndGlobalSection
	GlobalSection(ExtensibilityGlobals) = postSolution
		SolutionGuid = {A7B41DC6-A896-481C-892D-731689DB0BCD}
	EndGlobalSection
EndGlobal
